fyne.io/fyne/v2 v2.7.3 h1:xBT/iYbdnNHONWO38fZMBrVBiJG8rV/Jypmy4tVfRWE=
fyne.io/fyne/v2 v2.7.3/go.mod h1:gu+dlIcZWSzKZmnrY8Fbnj2Hirabv2ek+AKsfQ2bBlw=
golang.org/x/crypto v0.50.0 h1:zO47/JPrL6vsNkINmLoo/PH1gcxpls50DNogFvB5ZGI=
golang.org/x/crypto v0.50.0/go.mod h1:3muZ7vA7PBCE6xgPX7nkzzjiUq87kRItoJQM1Yo8S+Q=
